
Microsoft Visual Studio Solution File, Format Version 12.00
# Visual Studio Version 17
VisualStudioVersion = 17.4.33110.190
MinimumVisualStudioVersion = 10.0.40219.1
Project("{FAE04EC0-301F-11D3-BF4B-00C04F79EFBC}") = "Deneme", "Deneme\Deneme.csproj", "{F1F22849-9BCA-44F5-A10F-38D86D3E201C}"
EndProject
Global
	GlobalSection(SolutionConfigurationPlatforms) = preSolution
		Debug|Any CPU = Debug|Any CPU
		Release|Any CPU = Release|Any CPU
	EndGlobalSection
	GlobalSection(ProjectConfigurationPlatforms) = postSolution
		{F1F22849-9BCA-44F5-A10F-38D86D3E201C}.Debug|Any CPU.ActiveCfg = Debug|Any CPU
		{F1F22849-9BCA-44F5-A10F-38D86D3E201C}.Debug|Any CPU.Build.0 = Debug|Any CPU
		{F1F22849-9BCA-44F5-A10F-38D86D3E201C}.Release|Any CPU.ActiveCfg = Release|Any CPU
		{F1F22849-9BCA-44F5-A10F-38D86D3E201C}.Release|Any CPU.Build.0 = Release|Any CPU
	EndGlobalSection
	GlobalSection(SolutionProperties) = preSolution
		HideSolutionNode = FALSE
	EndGlobalSection
	GlobalSection(ExtensibilityGlobals) = postSolution
		SolutionGuid = {F9836832-B703-4441-9E6E-FC8A9E0B31ED}
	EndGlobalSection
EndGlobal
